
Microsoft Visual Studio Solution File, Format Version 12.00
# Visual Studio Version 17
VisualStudioVersion = 17.12.35707.178
MinimumVisualStudioVersion = 10.0.40219.1
Project("{2150E333-8FDC-42A3-9474-1A3956D46DE8}") = "Api", "Api", "{4910D3F4-DB06-4132-BA4F-E32CFA7DD0ED}"
EndProject
Project("{2150E333-8FDC-42A3-9474-1A3956D46DE8}") = "Service", "Service", "{F37079D6-DBE0-4657-A3AF-CD905C918803}"
EndProject
Project("{FAE04EC0-301F-11D3-BF4B-00C04F79EFBC}") = "Order.Delivery.App.Api", "Api\Order.Delivery.App.Api\Order.Delivery.App.Api.csproj", "{25F8681C-1FA7-4EF1-B668-72FD5BC0A0BE}"
EndProject
Project("{FAE04EC0-301F-11D3-BF4B-00C04F79EFBC}") = "Order.Delivery.App.Domain", "Api\Order.Delivery.App.Domain\Order.Delivery.App.Domain.csproj", "{CBC9E14D-E0F9-449C-BFDF-6E7DAF4DC4FC}"
EndProject
Project("{FAE04EC0-301F-11D3-BF4B-00C04F79EFBC}") = "Order.Delivery.App.Infra", "Api\Order.Delivery.App.Infra\Order.Delivery.App.Infra.csproj", "{600B2542-BF82-451D-AAA7-DFCC23D20061}"
EndProject
Project("{FAE04EC0-301F-11D3-BF4B-00C04F79EFBC}") = "Order.Delivery.App.Application", "Api\Order.Delivery.App.Application\Order.Delivery.App.Application.csproj", "{C974BD9F-1ACF-4354-A42D-0E61D4C5EDFF}"
EndProject
Project("{FAE04EC0-301F-11D3-BF4B-00C04F79EFBC}") = "Order.Delivery.Notification.Service", "Service\Order.Delivery.Notification.Service\Order.Delivery.Notification.Service.csproj", "{BD8FDD4A-F438-4E26-BB05-FB5A4F560B45}"
EndProject
Project("{2150E333-8FDC-42A3-9474-1A3956D46DE8}") = "docker", "docker", "{8E0112E0-CCBD-484B-9904-911AAE62CB7C}"
	ProjectSection(SolutionItems) = preProject
		docker-compose.yml = docker-compose.yml
	EndProjectSection
EndProject
Global
	GlobalSection(SolutionConfigurationPlatforms) = preSolution
		Debug|Any CPU = Debug|Any CPU
		Release|Any CPU = Release|Any CPU
	EndGlobalSection
	GlobalSection(ProjectConfigurationPlatforms) = postSolution
		{25F8681C-1FA7-4EF1-B668-72FD5BC0A0BE}.Debug|Any CPU.ActiveCfg = Debug|Any CPU
		{25F8681C-1FA7-4EF1-B668-72FD5BC0A0BE}.Debug|Any CPU.Build.0 = Debug|Any CPU
		{25F8681C-1FA7-4EF1-B668-72FD5BC0A0BE}.Release|Any CPU.ActiveCfg = Release|Any CPU
		{25F8681C-1FA7-4EF1-B668-72FD5BC0A0BE}.Release|Any CPU.Build.0 = Release|Any CPU
		{CBC9E14D-E0F9-449C-BFDF-6E7DAF4DC4FC}.Debug|Any CPU.ActiveCfg = Debug|Any CPU
		{CBC9E14D-E0F9-449C-BFDF-6E7DAF4DC4FC}.Debug|Any CPU.Build.0 = Debug|Any CPU
		{CBC9E14D-E0F9-449C-BFDF-6E7DAF4DC4FC}.Release|Any CPU.ActiveCfg = Release|Any CPU
		{CBC9E14D-E0F9-449C-BFDF-6E7DAF4DC4FC}.Release|Any CPU.Build.0 = Release|Any CPU
		{600B2542-BF82-451D-AAA7-DFCC23D20061}.Debug|Any CPU.ActiveCfg = Debug|Any CPU
		{600B2542-BF82-451D-AAA7-DFCC23D20061}.Debug|Any CPU.Build.0 = Debug|Any CPU
		{600B2542-BF82-451D-AAA7-DFCC23D20061}.Release|Any CPU.ActiveCfg = Release|Any CPU
		{600B2542-BF82-451D-AAA7-DFCC23D20061}.Release|Any CPU.Build.0 = Release|Any CPU
		{C974BD9F-1ACF-4354-A42D-0E61D4C5EDFF}.Debug|Any CPU.ActiveCfg = Debug|Any CPU
		{C974BD9F-1ACF-4354-A42D-0E61D4C5EDFF}.Debug|Any CPU.Build.0 = Debug|Any CPU
		{C974BD9F-1ACF-4354-A42D-0E61D4C5EDFF}.Release|Any CPU.ActiveCfg = Release|Any CPU
		{C974BD9F-1ACF-4354-A42D-0E61D4C5EDFF}.Release|Any CPU.Build.0 = Release|Any CPU
		{BD8FDD4A-F438-4E26-BB05-FB5A4F560B45}.Debug|Any CPU.ActiveCfg = Debug|Any CPU
		{BD8FDD4A-F438-4E26-BB05-FB5A4F560B45}.Debug|Any CPU.Build.0 = Debug|Any CPU
		{BD8FDD4A-F438-4E26-BB05-FB5A4F560B45}.Release|Any CPU.ActiveCfg = Release|Any CPU
		{BD8FDD4A-F438-4E26-BB05-FB5A4F560B45}.Release|Any CPU.Build.0 = Release|Any CPU
	EndGlobalSection
	GlobalSection(SolutionProperties) = preSolution
		HideSolutionNode = FALSE
	EndGlobalSection
	GlobalSection(NestedProjects) = preSolution
		{25F8681C-1FA7-4EF1-B668-72FD5BC0A0BE} = {4910D3F4-DB06-4132-BA4F-E32CFA7DD0ED}
		{CBC9E14D-E0F9-449C-BFDF-6E7DAF4DC4FC} = {4910D3F4-DB06-4132-BA4F-E32CFA7DD0ED}
		{600B2542-BF82-451D-AAA7-DFCC23D20061} = {4910D3F4-DB06-4132-BA4F-E32CFA7DD0ED}
		{C974BD9F-1ACF-4354-A42D-0E61D4C5EDFF} = {4910D3F4-DB06-4132-BA4F-E32CFA7DD0ED}
		{BD8FDD4A-F438-4E26-BB05-FB5A4F560B45} = {F37079D6-DBE0-4657-A3AF-CD905C918803}
	EndGlobalSection
EndGlobal
